
Microsoft Visual Studio Solution File, Format Version 12.00
# Visual Studio Version 17
VisualStudioVersion = 17.1.32104.313
MinimumVisualStudioVersion = 10.0.40219.1
Project("{9A19103F-16F7-4668-BE54-9A1E7A4F7556}") = "Core_WebApp", "Core_WebApp\Core_WebApp.csproj", "{C6CF3C18-5889-4FFE-B3DF-6E00ADE77875}"
EndProject
Project("{9A19103F-16F7-4668-BE54-9A1E7A4F7556}") = "Sample_Web_App", "Sample_Web_App\Sample_Web_App.csproj", "{1585E783-36C1-4C4D-864F-1FAB8BDEECEB}"
EndProject
Project("{9A19103F-16F7-4668-BE54-9A1E7A4F7556}") = "WebApplicationNew_Employeee", "WebApplicationNew_Employeee\WebApplicationNew_Employeee.csproj", "{3AC4B0B5-31D7-4D17-9295-AD9C6243B761}"
EndProject
Global
	GlobalSection(SolutionConfigurationPlatforms) = preSolution
		Debug|Any CPU = Debug|Any CPU
		Release|Any CPU = Release|Any CPU
	EndGlobalSection
	GlobalSection(ProjectConfigurationPlatforms) = postSolution
		{C6CF3C18-5889-4FFE-B3DF-6E00ADE77875}.Debug|Any CPU.ActiveCfg = Debug|Any CPU
		{C6CF3C18-5889-4FFE-B3DF-6E00ADE77875}.Debug|Any CPU.Build.0 = Debug|Any CPU
		{C6CF3C18-5889-4FFE-B3DF-6E00ADE77875}.Release|Any CPU.ActiveCfg = Release|Any CPU
		{C6CF3C18-5889-4FFE-B3DF-6E00ADE77875}.Release|Any CPU.Build.0 = Release|Any CPU
		{1585E783-36C1-4C4D-864F-1FAB8BDEECEB}.Debug|Any CPU.ActiveCfg = Debug|Any CPU
		{1585E783-36C1-4C4D-864F-1FAB8BDEECEB}.Debug|Any CPU.Build.0 = Debug|Any CPU
		{1585E783-36C1-4C4D-864F-1FAB8BDEECEB}.Release|Any CPU.ActiveCfg = Release|Any CPU
		{1585E783-36C1-4C4D-864F-1FAB8BDEECEB}.Release|Any CPU.Build.0 = Release|Any CPU
		{3AC4B0B5-31D7-4D17-9295-AD9C6243B761}.Debug|Any CPU.ActiveCfg = Debug|Any CPU
		{3AC4B0B5-31D7-4D17-9295-AD9C6243B761}.Debug|Any CPU.Build.0 = Debug|Any CPU
		{3AC4B0B5-31D7-4D17-9295-AD9C6243B761}.Release|Any CPU.ActiveCfg = Release|Any CPU
		{3AC4B0B5-31D7-4D17-9295-AD9C6243B761}.Release|Any CPU.Build.0 = Release|Any CPU
	EndGlobalSection
	GlobalSection(SolutionProperties) = preSolution
		HideSolutionNode = FALSE
	EndGlobalSection
	GlobalSection(ExtensibilityGlobals) = postSolution
		SolutionGuid = {0941EF6E-F4E7-4FC0-AA9A-B78D59315575}
	EndGlobalSection
EndGlobal
