
Microsoft Visual Studio Solution File, Format Version 12.00
# Visual Studio Version 17
VisualStudioVersion = 17.1.32104.313
MinimumVisualStudioVersion = 10.0.40219.1
Project("{FAE04EC0-301F-11D3-BF4B-00C04F79EFBC}") = "ConsoleApp4", "ConsoleApp4\ConsoleApp4.csproj", "{3F36CC43-9376-40B5-AF22-79FA8F0DFF14}"
EndProject
Global
	GlobalSection(SolutionConfigurationPlatforms) = preSolution
		Debug|Any CPU = Debug|Any CPU
		Release|Any CPU = Release|Any CPU
	EndGlobalSection
	GlobalSection(ProjectConfigurationPlatforms) = postSolution
		{3F36CC43-9376-40B5-AF22-79FA8F0DFF14}.Debug|Any CPU.ActiveCfg = Debug|Any CPU
		{3F36CC43-9376-40B5-AF22-79FA8F0DFF14}.Debug|Any CPU.Build.0 = Debug|Any CPU
		{3F36CC43-9376-40B5-AF22-79FA8F0DFF14}.Release|Any CPU.ActiveCfg = Release|Any CPU
		{3F36CC43-9376-40B5-AF22-79FA8F0DFF14}.Release|Any CPU.Build.0 = Release|Any CPU
	EndGlobalSection
	GlobalSection(SolutionProperties) = preSolution
		HideSolutionNode = FALSE
	EndGlobalSection
	GlobalSection(ExtensibilityGlobals) = postSolution
		SolutionGuid = {3A6B5271-DBE0-445D-B00E-B6961041D3B8}
	EndGlobalSection
EndGlobal
